
Microsoft Visual Studio Solution File, Format Version 12.00
# Visual Studio Version 16
VisualStudioVersion = 16.0.31005.135
MinimumVisualStudioVersion = 10.0.40219.1
Project("{FAE04EC0-301F-11D3-BF4B-00C04F79EFBC}") = "Registration", "Registration\Registration.csproj", "{0623D235-7274-4E52-874F-DA8BDF313FCD}"
EndProject
Global
	GlobalSection(SolutionConfigurationPlatforms) = preSolution
		Debug|Any CPU = Debug|Any CPU
		Release|Any CPU = Release|Any CPU
	EndGlobalSection
	GlobalSection(ProjectConfigurationPlatforms) = postSolution
		{0623D235-7274-4E52-874F-DA8BDF313FCD}.Debug|Any CPU.ActiveCfg = Debug|Any CPU
		{0623D235-7274-4E52-874F-DA8BDF313FCD}.Debug|Any CPU.Build.0 = Debug|Any CPU
		{0623D235-7274-4E52-874F-DA8BDF313FCD}.Release|Any CPU.ActiveCfg = Release|Any CPU
		{0623D235-7274-4E52-874F-DA8BDF313FCD}.Release|Any CPU.Build.0 = Release|Any CPU
	EndGlobalSection
	GlobalSection(SolutionProperties) = preSolution
		HideSolutionNode = FALSE
	EndGlobalSection
	GlobalSection(ExtensibilityGlobals) = postSolution
		SolutionGuid = {C7D1E312-9D95-4DAC-AE78-441DAA25D2B6}
	EndGlobalSection
EndGlobal
