
Microsoft Visual Studio Solution File, Format Version 12.00
# Visual Studio Version 16
VisualStudioVersion = 16.0.31005.135
MinimumVisualStudioVersion = 10.0.40219.1
Project("{FAE04EC0-301F-11D3-BF4B-00C04F79EFBC}") = "Lab4_B_Test", "Lab4_B_Test\Lab4_B_Test.csproj", "{090088D7-D7FA-45A4-8DDD-172C1267D255}"
EndProject
Global
	GlobalSection(SolutionConfigurationPlatforms) = preSolution
		Debug|Any CPU = Debug|Any CPU
		Release|Any CPU = Release|Any CPU
	EndGlobalSection
	GlobalSection(ProjectConfigurationPlatforms) = postSolution
		{090088D7-D7FA-45A4-8DDD-172C1267D255}.Debug|Any CPU.ActiveCfg = Debug|Any CPU
		{090088D7-D7FA-45A4-8DDD-172C1267D255}.Debug|Any CPU.Build.0 = Debug|Any CPU
		{090088D7-D7FA-45A4-8DDD-172C1267D255}.Release|Any CPU.ActiveCfg = Release|Any CPU
		{090088D7-D7FA-45A4-8DDD-172C1267D255}.Release|Any CPU.Build.0 = Release|Any CPU
	EndGlobalSection
	GlobalSection(SolutionProperties) = preSolution
		HideSolutionNode = FALSE
	EndGlobalSection
	GlobalSection(ExtensibilityGlobals) = postSolution
		SolutionGuid = {E038EE90-7DFB-441C-9EA1-CA4A156FF097}
	EndGlobalSection
EndGlobal
