
Microsoft Visual Studio Solution File, Format Version 12.00
# Visual Studio Version 16
VisualStudioVersion = 16.0.31005.135
MinimumVisualStudioVersion = 10.0.40219.1
Project("{FAE04EC0-301F-11D3-BF4B-00C04F79EFBC}") = "AnimatedWindow", "AnimatedWindow\AnimatedWindow.csproj", "{6428C7F9-FB69-4488-A73A-6AD63CECC1CE}"
EndProject
Project("{FAE04EC0-301F-11D3-BF4B-00C04F79EFBC}") = "GetUserName", "GetUserName\GetUserName.csproj", "{84453EB2-0AEA-433C-B758-EF7FF480B9A1}"
EndProject
Project("{FAE04EC0-301F-11D3-BF4B-00C04F79EFBC}") = "MessageBox", "MessageBox\MessageBox.csproj", "{C6658E5F-C80F-41F6-A580-63817AD2D1D8}"
EndProject
Project("{FAE04EC0-301F-11D3-BF4B-00C04F79EFBC}") = "ScreenShot", "ScreenShot\ScreenShot.csproj", "{D8867209-C542-4A45-AF81-74B0F3DCC871}"
EndProject
Global
	GlobalSection(SolutionConfigurationPlatforms) = preSolution
		Debug|Any CPU = Debug|Any CPU
		Release|Any CPU = Release|Any CPU
	EndGlobalSection
	GlobalSection(ProjectConfigurationPlatforms) = postSolution
		{6428C7F9-FB69-4488-A73A-6AD63CECC1CE}.Debug|Any CPU.ActiveCfg = Debug|Any CPU
		{6428C7F9-FB69-4488-A73A-6AD63CECC1CE}.Debug|Any CPU.Build.0 = Debug|Any CPU
		{6428C7F9-FB69-4488-A73A-6AD63CECC1CE}.Release|Any CPU.ActiveCfg = Release|Any CPU
		{6428C7F9-FB69-4488-A73A-6AD63CECC1CE}.Release|Any CPU.Build.0 = Release|Any CPU
		{84453EB2-0AEA-433C-B758-EF7FF480B9A1}.Debug|Any CPU.ActiveCfg = Debug|Any CPU
		{84453EB2-0AEA-433C-B758-EF7FF480B9A1}.Debug|Any CPU.Build.0 = Debug|Any CPU
		{84453EB2-0AEA-433C-B758-EF7FF480B9A1}.Release|Any CPU.ActiveCfg = Release|Any CPU
		{84453EB2-0AEA-433C-B758-EF7FF480B9A1}.Release|Any CPU.Build.0 = Release|Any CPU
		{C6658E5F-C80F-41F6-A580-63817AD2D1D8}.Debug|Any CPU.ActiveCfg = Debug|Any CPU
		{C6658E5F-C80F-41F6-A580-63817AD2D1D8}.Debug|Any CPU.Build.0 = Debug|Any CPU
		{C6658E5F-C80F-41F6-A580-63817AD2D1D8}.Release|Any CPU.ActiveCfg = Release|Any CPU
		{C6658E5F-C80F-41F6-A580-63817AD2D1D8}.Release|Any CPU.Build.0 = Release|Any CPU
		{D8867209-C542-4A45-AF81-74B0F3DCC871}.Debug|Any CPU.ActiveCfg = Debug|Any CPU
		{D8867209-C542-4A45-AF81-74B0F3DCC871}.Debug|Any CPU.Build.0 = Debug|Any CPU
		{D8867209-C542-4A45-AF81-74B0F3DCC871}.Release|Any CPU.ActiveCfg = Release|Any CPU
		{D8867209-C542-4A45-AF81-74B0F3DCC871}.Release|Any CPU.Build.0 = Release|Any CPU
	EndGlobalSection
	GlobalSection(SolutionProperties) = preSolution
		HideSolutionNode = FALSE
	EndGlobalSection
	GlobalSection(ExtensibilityGlobals) = postSolution
		SolutionGuid = {4D6BC9C3-7FAF-42D1-917A-4BF50A0251F2}
	EndGlobalSection
EndGlobal
